
Microsoft Visual Studio Solution File, Format Version 12.00
# Visual Studio Version 17
VisualStudioVersion = 17.8.34322.80
MinimumVisualStudioVersion = 10.0.40219.1
Project("{8BC9CEB8-8B4A-11D0-8D11-00A0C91BC942}") = "2SD", "2SD\2SD.vcxproj", "{28E91157-5B6F-48F6-80C5-16013C40AE45}"
EndProject
Project("{54435603-DBB4-11D2-8724-00A0C9A8B90C}") = "Setup1", "Setup1\Setup1.vdproj", "{8213387E-0C0B-4F09-B0B9-3EEC7F574FE3}"
EndProject
Project("{54435603-DBB4-11D2-8724-00A0C9A8B90C}") = "Setup", "Setup\Setup.vdproj", "{7930C44C-106B-4631-9BA8-EF546B88D07A}"
EndProject
Global
	GlobalSection(SolutionConfigurationPlatforms) = preSolution
		Debug|x64 = Debug|x64
		Debug|x86 = Debug|x86
		Release|x64 = Release|x64
		Release|x86 = Release|x86
	EndGlobalSection
	GlobalSection(ProjectConfigurationPlatforms) = postSolution
		{28E91157-5B6F-48F6-80C5-16013C40AE45}.Debug|x64.ActiveCfg = Debug|x64
		{28E91157-5B6F-48F6-80C5-16013C40AE45}.Debug|x64.Build.0 = Debug|x64
		{28E91157-5B6F-48F6-80C5-16013C40AE45}.Debug|x86.ActiveCfg = Debug|Win32
		{28E91157-5B6F-48F6-80C5-16013C40AE45}.Debug|x86.Build.0 = Debug|Win32
		{28E91157-5B6F-48F6-80C5-16013C40AE45}.Release|x64.ActiveCfg = Release|x64
		{28E91157-5B6F-48F6-80C5-16013C40AE45}.Release|x64.Build.0 = Release|x64
		{28E91157-5B6F-48F6-80C5-16013C40AE45}.Release|x86.ActiveCfg = Release|Win32
		{28E91157-5B6F-48F6-80C5-16013C40AE45}.Release|x86.Build.0 = Release|Win32
		{8213387E-0C0B-4F09-B0B9-3EEC7F574FE3}.Debug|x64.ActiveCfg = Debug
		{8213387E-0C0B-4F09-B0B9-3EEC7F574FE3}.Debug|x86.ActiveCfg = Debug
		{8213387E-0C0B-4F09-B0B9-3EEC7F574FE3}.Release|x64.ActiveCfg = Release
		{8213387E-0C0B-4F09-B0B9-3EEC7F574FE3}.Release|x86.ActiveCfg = Release
		{7930C44C-106B-4631-9BA8-EF546B88D07A}.Debug|x64.ActiveCfg = Release
		{7930C44C-106B-4631-9BA8-EF546B88D07A}.Debug|x86.ActiveCfg = Debug
		{7930C44C-106B-4631-9BA8-EF546B88D07A}.Release|x64.ActiveCfg = Release
		{7930C44C-106B-4631-9BA8-EF546B88D07A}.Release|x86.ActiveCfg = Release
	EndGlobalSection
	GlobalSection(SolutionProperties) = preSolution
		HideSolutionNode = FALSE
	EndGlobalSection
	GlobalSection(ExtensibilityGlobals) = postSolution
		SolutionGuid = {FF0493EF-4673-49FF-9906-63DDDD0E5EDA}
	EndGlobalSection
EndGlobal
